
Microsoft Visual Studio Solution File, Format Version 12.00
# Visual Studio Version 17
VisualStudioVersion = 17.13.35825.156 d17.13
MinimumVisualStudioVersion = 10.0.40219.1
Project("{FAE04EC0-301F-11D3-BF4B-00C04F79EFBC}") = "Laborator1", "Laborator1\Laborator1.csproj", "{72FF9921-DDC9-4626-AC10-43D482E10402}"
EndProject
Global
	GlobalSection(SolutionConfigurationPlatforms) = preSolution
		Debug|Any CPU = Debug|Any CPU
		Release|Any CPU = Release|Any CPU
	EndGlobalSection
	GlobalSection(ProjectConfigurationPlatforms) = postSolution
		{72FF9921-DDC9-4626-AC10-43D482E10402}.Debug|Any CPU.ActiveCfg = Debug|Any CPU
		{72FF9921-DDC9-4626-AC10-43D482E10402}.Debug|Any CPU.Build.0 = Debug|Any CPU
		{72FF9921-DDC9-4626-AC10-43D482E10402}.Release|Any CPU.ActiveCfg = Release|Any CPU
		{72FF9921-DDC9-4626-AC10-43D482E10402}.Release|Any CPU.Build.0 = Release|Any CPU
	EndGlobalSection
	GlobalSection(SolutionProperties) = preSolution
		HideSolutionNode = FALSE
	EndGlobalSection
	GlobalSection(ExtensibilityGlobals) = postSolution
		SolutionGuid = {76ACDBC7-EE6B-4DBA-BC70-777ECF0613AB}
	EndGlobalSection
EndGlobal
