
Microsoft Visual Studio Solution File, Format Version 12.00
# Visual Studio Version 17
VisualStudioVersion = 17.13.35818.85 d17.13
MinimumVisualStudioVersion = 10.0.40219.1
Project("{FAE04EC0-301F-11D3-BF4B-00C04F79EFBC}") = "ConsoleApp222SGBD2025", "ConsoleApp222SGBD2025.csproj", "{AD41904D-444D-4792-8ACE-942AF5902DE7}"
EndProject
Global
	GlobalSection(SolutionConfigurationPlatforms) = preSolution
		Debug|Any CPU = Debug|Any CPU
		Release|Any CPU = Release|Any CPU
	EndGlobalSection
	GlobalSection(ProjectConfigurationPlatforms) = postSolution
		{AD41904D-444D-4792-8ACE-942AF5902DE7}.Debug|Any CPU.ActiveCfg = Debug|Any CPU
		{AD41904D-444D-4792-8ACE-942AF5902DE7}.Debug|Any CPU.Build.0 = Debug|Any CPU
		{AD41904D-444D-4792-8ACE-942AF5902DE7}.Release|Any CPU.ActiveCfg = Release|Any CPU
		{AD41904D-444D-4792-8ACE-942AF5902DE7}.Release|Any CPU.Build.0 = Release|Any CPU
	EndGlobalSection
	GlobalSection(SolutionProperties) = preSolution
		HideSolutionNode = FALSE
	EndGlobalSection
	GlobalSection(ExtensibilityGlobals) = postSolution
		SolutionGuid = {354507CA-E12A-4AEC-A6FE-735419D78FB0}
	EndGlobalSection
EndGlobal
